
Microsoft Visual Studio Solution File, Format Version 12.00
# Visual Studio Version 17
VisualStudioVersion = 17.0.32112.339
MinimumVisualStudioVersion = 10.0.40219.1
Project("{FAE04EC0-301F-11D3-BF4B-00C04F79EFBC}") = "StringManipulationExercise", "StringManipulationExercise\StringManipulationExercise.csproj", "{7B78447F-9F6E-4928-9D6C-67DA76F0EEF2}"
EndProject
Global
	GlobalSection(SolutionConfigurationPlatforms) = preSolution
		Debug|Any CPU = Debug|Any CPU
		Release|Any CPU = Release|Any CPU
	EndGlobalSection
	GlobalSection(ProjectConfigurationPlatforms) = postSolution
		{7B78447F-9F6E-4928-9D6C-67DA76F0EEF2}.Debug|Any CPU.ActiveCfg = Debug|Any CPU
		{7B78447F-9F6E-4928-9D6C-67DA76F0EEF2}.Debug|Any CPU.Build.0 = Debug|Any CPU
		{7B78447F-9F6E-4928-9D6C-67DA76F0EEF2}.Release|Any CPU.ActiveCfg = Release|Any CPU
		{7B78447F-9F6E-4928-9D6C-67DA76F0EEF2}.Release|Any CPU.Build.0 = Release|Any CPU
	EndGlobalSection
	GlobalSection(SolutionProperties) = preSolution
		HideSolutionNode = FALSE
	EndGlobalSection
	GlobalSection(ExtensibilityGlobals) = postSolution
		SolutionGuid = {8002E0A8-BA5F-4305-BF74-B1C20B1B9359}
	EndGlobalSection
EndGlobal
