
Microsoft Visual Studio Solution File, Format Version 12.00
# Visual Studio Version 17
VisualStudioVersion = 17.0.32112.339
MinimumVisualStudioVersion = 10.0.40219.1
Project("{FAE04EC0-301F-11D3-BF4B-00C04F79EFBC}") = "SimpleMethodExercise", "SimpleMethodExercise.csproj", "{32945CBD-A6CA-41A5-93A1-6995581F132C}"
EndProject
Global
	GlobalSection(SolutionConfigurationPlatforms) = preSolution
		Debug|Any CPU = Debug|Any CPU
		Release|Any CPU = Release|Any CPU
	EndGlobalSection
	GlobalSection(ProjectConfigurationPlatforms) = postSolution
		{32945CBD-A6CA-41A5-93A1-6995581F132C}.Debug|Any CPU.ActiveCfg = Debug|Any CPU
		{32945CBD-A6CA-41A5-93A1-6995581F132C}.Debug|Any CPU.Build.0 = Debug|Any CPU
		{32945CBD-A6CA-41A5-93A1-6995581F132C}.Release|Any CPU.ActiveCfg = Release|Any CPU
		{32945CBD-A6CA-41A5-93A1-6995581F132C}.Release|Any CPU.Build.0 = Release|Any CPU
	EndGlobalSection
	GlobalSection(SolutionProperties) = preSolution
		HideSolutionNode = FALSE
	EndGlobalSection
	GlobalSection(ExtensibilityGlobals) = postSolution
		SolutionGuid = {4F148114-DACB-46E6-9D98-46253A9CCAFF}
	EndGlobalSection
EndGlobal
